hash: 37b9453c0186374dce16451e24f5edd855ed2f46fb263944378a92131b1963a2
updated: 2016-06-20T17:54:05.220965472Z
imports:
- name: github.com/alecthomas/template
  version: a0175ee3bccc567396460bf5acd36800cb10c49c
  subpackages:
  - parse
- name: github.com/alecthomas/units
  version: 2efee857e7cfd4f3d0138cc3cbb1b4966962b93a
- name: github.com/auroralaboratories/gotk3
  version: 518a3667b08838db13da8aee8d6e129cc97264db
  subpackages:
  - cairo
  - gdk
  - glib
  - gtk
  - pango
- name: github.com/chai2010/webp
  version: dd526bdb977b38d44bf551e20a298c3d5e0cdff1
- name: github.com/fsnotify/fsnotify
  version: 30411dbcefb7a1da7e84f75530ad3abe4011b4f8
- name: github.com/redsift/go-webkit2
  version: 190c9fc390dfb5b21fb3e228546873229b5ef636
  repo: https://github.com/Redsift/go-webkit2
  subpackages:
  - webkit2
- name: github.com/ricallinson/httphelp
  version: f8740e04d1c731b44cf4ab02c6bd9c04c54830b2
- name: github.com/satori/go.uuid
  version: 879c5887cd475cd7864858769793b2ceb0d44feb
- name: github.com/sqs/gojs
  version: 0574c0e191634a5f4c489fb003f307d9ed6da3fd
  repo: https://github.com/Redsift/gojs
- name: golang.org/x/net
  version: 8bf2b39827dbadfd566c4fae7a8790d12be8b23c
  subpackages:
  - context
- name: golang.org/x/sys
  version: 62bee037599929a6e9146f29d10dd5208c43507d
  subpackages:
  - unix
- name: golang.org/x/tools
  version: a2a552218a0e22e6fb22469f49ef371b492f6178
  subpackages:
  - cmd/stringer
- name: gopkg.in/alecthomas/kingpin.v2
  version: 8cccfa8eb2e3183254457fb1749b2667fbc364c7
devImports: []
