hash: 6dd819f9033cad53c418dd24a47e267eece67f04dbac4208f042dd2d0289c653
updated: 2016-08-09T11:39:00.559489941+01:00
imports:
- name: github.com/alecthomas/template
  version: a0175ee3bccc567396460bf5acd36800cb10c49c
  subpackages:
  - parse
- name: github.com/alecthomas/units
  version: 2efee857e7cfd4f3d0138cc3cbb1b4966962b93a
- name: github.com/auroralaboratories/gotk3
  version: 518a3667b08838db13da8aee8d6e129cc97264db
  subpackages:
  - cairo
  - gdk
  - glib
  - gtk
  - pango
- name: github.com/chai2010/webp
  version: 4b9518ea9095ac7905fd33019eea910bedc5c538
- name: github.com/fsnotify/fsnotify
  version: a8a77c9133d2d6fd8334f3260d06f60e8d80a5fb
- name: github.com/redsift/go-render
  version: d0a5f5730d69dc356ed822421474a47912cc92c6
  subpackages:
  - lightbox/constants
  - lightbox
- name: github.com/redsift/go-webkit2
  version: 190c9fc390dfb5b21fb3e228546873229b5ef636
  repo: https://github.com/redsift/go-webkit2
  subpackages:
  - webkit2
- name: github.com/ricallinson/httphelp
  version: f8740e04d1c731b44cf4ab02c6bd9c04c54830b2
- name: github.com/satori/go.uuid
  version: 0aa62d5ddceb50dbcb909d790b5345affd3669b6
- name: github.com/sqs/gojs
  version: 0574c0e191634a5f4c489fb003f307d9ed6da3fd
  repo: https://github.com/redsift/gojs
- name: golang.org/x/net
  version: 075e191f18186a8ff2becaf64478e30f4545cdad
  subpackages:
  - context
- name: golang.org/x/sys
  version: a646d33e2ee3172a661fc09bca23bb4889a41bc8
  subpackages:
  - unix
- name: golang.org/x/tools
  version: 72064bd64745c21ad7fe43d550d08e8f07bf4f73
  subpackages:
  - cmd/stringer
- name: gopkg.in/alecthomas/kingpin.v2
  version: e5900212cbf65b181d3d8e08308ef06a01d117cf
devImports: []
